// !$*UTF8*$!
{
	archiveVersion = 1;
	classes = {
	};
	objectVersion = 46;
	objects = {

/* Begin PBXBuildFile section */
		13192E621CC8669900D9DCBC /* AppDelegate.swift in Sources */ = {isa = PBXBuildFile; fileRef = 13192E611CC8669900D9DCBC /* AppDelegate.swift */; };
		13192E641CC8669900D9DCBC /* ViewController.swift in Sources */ = {isa = PBXBuildFile; fileRef = 13192E631CC8669900D9DCBC /* ViewController.swift */; };
		13192E671CC8669900D9DCBC /* Main.storyboard in Resources */ = {isa = PBXBuildFile; fileRef = 13192E651CC8669900D9DCBC /* Main.storyboard */; };
		13192E691CC8669900D9DCBC /* Assets.xcassets in Resources */ = {isa = PBXBuildFile; fileRef = 13192E681CC8669900D9DCBC /* Assets.xcassets */; };
		13192E6C1CC8669900D9DCBC /* LaunchScreen.storyboard in Resources */ = {isa = PBXBuildFile; fileRef = 13192E6A1CC8669900D9DCBC /* LaunchScreen.storyboard */; };
		13192E811CC8822800D9DCBC /* AFHTTPSessionManager.m in Sources */ = {isa = PBXBuildFile; fileRef = 13192E751CC8822800D9DCBC /* AFHTTPSessionManager.m */; };
		13192E821CC8822800D9DCBC /* AFNetworkReachabilityManager.m in Sources */ = {isa = PBXBuildFile; fileRef = 13192E781CC8822800D9DCBC /* AFNetworkReachabilityManager.m */; };
		13192E831CC8822800D9DCBC /* AFSecurityPolicy.m in Sources */ = {isa = PBXBuildFile; fileRef = 13192E7A1CC8822800D9DCBC /* AFSecurityPolicy.m */; };
		13192E841CC8822800D9DCBC /* AFURLRequestSerialization.m in Sources */ = {isa = PBXBuildFile; fileRef = 13192E7C1CC8822800D9DCBC /* AFURLRequestSerialization.m */; };
		13192E851CC8822800D9DCBC /* AFURLResponseSerialization.m in Sources */ = {isa = PBXBuildFile; fileRef = 13192E7E1CC8822800D9DCBC /* AFURLResponseSerialization.m */; };
		13192E861CC8822800D9DCBC /* AFURLSessionManager.m in Sources */ = {isa = PBXBuildFile; fileRef = 13192E801CC8822800D9DCBC /* AFURLSessionManager.m */; };
		13192E891CC9885B00D9DCBC /* SwiftyJSON.swift in Sources */ = {isa = PBXBuildFile; fileRef = 13192E881CC9885B00D9DCBC /* SwiftyJSON.swift */; };
/* End PBXBuildFile section */

/* Begin PBXFileReference section */
		13192E5E1CC8669900D9DCBC /* Web Service Example.app */ = {isa = PBXFileReference; explicitFileType = wrapper.application; includeInIndex = 0; path = "Web Service Example.app"; sourceTree = BUILT_PRODUCTS_DIR; };
		13192E611CC8669900D9DCBC /* AppDelegate.swift */ = {isa = PBXFileReference; lastKnownFileType = sourcecode.swift; path = AppDelegate.swift; sourceTree = "<group>"; };
		13192E631CC8669900D9DCBC /* ViewController.swift */ = {isa = PBXFileReference; lastKnownFileType = sourcecode.swift; path = ViewController.swift; sourceTree = "<group>"; };
		13192E661CC8669900D9DCBC /* Base */ = {isa = PBXFileReference; lastKnownFileType = file.storyboard; name = Base; path = Base.lproj/Main.storyboard; sourceTree = "<group>"; };
		13192E681CC8669900D9DCBC /* Assets.xcassets */ = {isa = PBXFileReference; lastKnownFileType = folder.assetcatalog; path = Assets.xcassets; sourceTree = "<group>"; };
		13192E6B1CC8669900D9DCBC /* Base */ = {isa = PBXFileReference; lastKnownFileType = file.storyboard; name = Base; path = Base.lproj/LaunchScreen.storyboard; sourceTree = "<group>"; };
		13192E6D1CC8669900D9DCBC /* Info.plist */ = {isa = PBXFileReference; lastKnownFileType = text.plist.xml; path = Info.plist; sourceTree = "<group>"; };
		13192E741CC8822800D9DCBC /* AFHTTPSessionManager.h */ = {isa = PBXFileReference; fileEncoding = 4; lastKnownFileType = sourcecode.c.h; path = AFHTTPSessionManager.h; sourceTree = "<group>"; };
		13192E751CC8822800D9DCBC /* AFHTTPSessionManager.m */ = {isa = PBXFileReference; fileEncoding = 4; lastKnownFileType = sourcecode.c.objc; path = AFHTTPSessionManager.m; sourceTree = "<group>"; };
		13192E761CC8822800D9DCBC /* AFNetworking.h */ = {isa = PBXFileReference; fileEncoding = 4; lastKnownFileType = sourcecode.c.h; path = AFNetworking.h; sourceTree = "<group>"; };
		13192E771CC8822800D9DCBC /* AFNetworkReachabilityManager.h */ = {isa = PBXFileReference; fileEncoding = 4; lastKnownFileType = sourcecode.c.h; path = AFNetworkReachabilityManager.h; sourceTree = "<group>"; };
		13192E781CC8822800D9DCBC /* AFNetworkReachabilityManager.m */ = {isa = PBXFileReference; fileEncoding = 4; lastKnownFileType = sourcecode.c.objc; path = AFNetworkReachabilityManager.m; sourceTree = "<group>"; };
		13192E791CC8822800D9DCBC /* AFSecurityPolicy.h */ = {isa = PBXFileReference; fileEncoding = 4; lastKnownFileType = sourcecode.c.h; path = AFSecurityPolicy.h; sourceTree = "<group>"; };
		13192E7A1CC8822800D9DCBC /* AFSecurityPolicy.m */ = {isa = PBXFileReference; fileEncoding = 4; lastKnownFileType = sourcecode.c.objc; path = AFSecurityPolicy.m; sourceTree = "<group>"; };
		13192E7B1CC8822800D9DCBC /* AFURLRequestSerialization.h */ = {isa = PBXFileReference; fileEncoding = 4; lastKnownFileType = sourcecode.c.h; path = AFURLRequestSerialization.h; sourceTree = "<group>"; };
		13192E7C1CC8822800D9DCBC /* AFURLRequestSerialization.m */ = {isa = PBXFileReference; fileEncoding = 4; lastKnownFileType = sourcecode.c.objc; path = AFURLRequestSerialization.m; sourceTree = "<group>"; };
		13192E7D1CC8822800D9DCBC /* AFURLResponseSerialization.h */ = {isa = PBXFileReference; fileEncoding = 4; lastKnownFileType = sourcecode.c.h; path = AFURLResponseSerialization.h; sourceTree = "<group>"; };
		13192E7E1CC8822800D9DCBC /* AFURLResponseSerialization.m */ = {isa = PBXFileReference; fileEncoding = 4; lastKnownFileType = sourcecode.c.objc; path = AFURLResponseSerialization.m; sourceTree = "<group>"; };
		13192E7F1CC8822800D9DCBC /* AFURLSessionManager.h */ = {isa = PBXFileReference; fileEncoding = 4; lastKnownFileType = sourcecode.c.h; path = AFURLSessionManager.h; sourceTree = "<group>"; };
		13192E801CC8822800D9DCBC /* AFURLSessionManager.m */ = {isa = PBXFileReference; fileEncoding = 4; lastKnownFileType = sourcecode.c.objc; path = AFURLSessionManager.m; sourceTree = "<group>"; };
		13192E871CC884D500D9DCBC /* bridge.h */ = {isa = PBXFileReference; fileEncoding = 4; lastKnownFileType = sourcecode.c.h; path = bridge.h; sourceTree = "<group>"; };
		13192E881CC9885B00D9DCBC /* SwiftyJSON.swift */ = {isa = PBXFileReference; fileEncoding = 4; lastKnownFileType = sourcecode.swift; path = SwiftyJSON.swift; sourceTree = "<group>"; };
/* End PBXFileReference section */

/* Begin PBXFrameworksBuildPhase section */
		13192E5B1CC8669900D9DCBC /* Frameworks */ = {
			isa = PBXFrameworksBuildPhase;
			buildActionMask = 2147483647;
			files = (
			);
			runOnlyForDeploymentPostprocessing = 0;
		};
/* End PBXFrameworksBuildPhase section */

/* Begin PBXGroup section */
		13192E551CC8669800D9DCBC = {
			isa = PBXGroup;
			children = (
				13192E871CC884D500D9DCBC /* bridge.h */,
				13192E881CC9885B00D9DCBC /* SwiftyJSON.swift */,
				13192E731CC8822800D9DCBC /* AFNetworking */,
				13192E601CC8669900D9DCBC /* Web Service Example */,
				13192E5F1CC8669900D9DCBC /* Products */,
			);
			sourceTree = "<group>";
		};
		13192E5F1CC8669900D9DCBC /* Products */ = {
			isa = PBXGroup;
			children = (
				13192E5E1CC8669900D9DCBC /* Web Service Example.app */,
			);
			name = Products;
			sourceTree = "<group>";
		};
		13192E601CC8669900D9DCBC /* Web Service Example */ = {
			isa = PBXGroup;
			children = (
				13192E611CC8669900D9DCBC /* AppDelegate.swift */,
				13192E631CC8669900D9DCBC /* ViewController.swift */,
				13192E651CC8669900D9DCBC /* Main.storyboard */,
				13192E681CC8669900D9DCBC /* Assets.xcassets */,
				13192E6A1CC8669900D9DCBC /* LaunchScreen.storyboard */,
				13192E6D1CC8669900D9DCBC /* Info.plist */,
			);
			path = "Web Service Example";
			sourceTree = "<group>";
		};
		13192E731CC8822800D9DCBC /* AFNetworking */ = {
			isa = PBXGroup;
			children = (
				13192E741CC8822800D9DCBC /* AFHTTPSessionManager.h */,
				13192E751CC8822800D9DCBC /* AFHTTPSessionManager.m */,
				13192E761CC8822800D9DCBC /* AFNetworking.h */,
				13192E771CC8822800D9DCBC /* AFNetworkReachabilityManager.h */,
				13192E781CC8822800D9DCBC /* AFNetworkReachabilityManager.m */,
				13192E791CC8822800D9DCBC /* AFSecurityPolicy.h */,
				13192E7A1CC8822800D9DCBC /* AFSecurityPolicy.m */,
				13192E7B1CC8822800D9DCBC /* AFURLRequestSerialization.h */,
				13192E7C1CC8822800D9DCBC /* AFURLRequestSerialization.m */,
				13192E7D1CC8822800D9DCBC /* AFURLResponseSerialization.h */,
				13192E7E1CC8822800D9DCBC /* AFURLResponseSerialization.m */,
				13192E7F1CC8822800D9DCBC /* AFURLSessionManager.h */,
				13192E801CC8822800D9DCBC /* AFURLSessionManager.m */,
			);
			name = AFNetworking;
			path = "Web Service Example/AFNetworking";
			sourceTree = "<group>";
		};
/* End PBXGroup section */

/* Begin PBXNativeTarget section */
		13192E5D1CC8669900D9DCBC /* Web Service Example */ = {
			isa = PBXNativeTarget;
			buildConfigurationList = 13192E701CC8669900D9DCBC /* Build configuration list for PBXNativeTarget "Web Service Example" */;
			buildPhases = (
				13192E5A1CC8669900D9DCBC /* Sources */,
				13192E5B1CC8669900D9DCBC /* Frameworks */,
				13192E5C1CC8669900D9DCBC /* Resources */,
			);
			buildRules = (
			);
			dependencies = (
			);
			name = "Web Service Example";
			productName = "Web Service Example";
			productReference = 13192E5E1CC8669900D9DCBC /* Web Service Example.app */;
			productType = "com.apple.product-type.application";
		};
/* End PBXNativeTarget section */

/* Begin PBXProject section */
		13192E561CC8669800D9DCBC /* Project object */ = {
			isa = PBXProject;
			attributes = {
				LastSwiftUpdateCheck = 0730;
				LastUpgradeCheck = 0730;
				ORGANIZATIONNAME = "Johnny Parham";
				TargetAttributes = {
					13192E5D1CC8669900D9DCBC = {
						CreatedOnToolsVersion = 7.3;
					};
				};
			};
			buildConfigurationList = 13192E591CC8669800D9DCBC /* Build configuration list for PBXProject "Web Service Example" */;
			compatibilityVersion = "Xcode 3.2";
			developmentRegion = English;
			hasScannedForEncodings = 0;
			knownRegions = (
				en,
				Base,
			);
			mainGroup = 13192E551CC8669800D9DCBC;
			productRefGroup = 13192E5F1CC8669900D9DCBC /* Products */;
			projectDirPath = "";
			projectRoot = "";
			targets = (
				13192E5D1CC8669900D9DCBC /* Web Service Example */,
			);
		};
/* End PBXProject section */

/* Begin PBXResourcesBuildPhase section */
		13192E5C1CC8669900D9DCBC /* Resources */ = {
			isa = PBXResourcesBuildPhase;
			buildActionMask = 2147483647;
			files = (
				13192E6C1CC8669900D9DCBC /* LaunchScreen.storyboard in Resources */,
				13192E691CC8669900D9DCBC /* Assets.xcassets in Resources */,
				13192E671CC8669900D9DCBC /* Main.storyboard in Resources */,
			);
			runOnlyForDeploymentPostprocessing = 0;
		};
/* End PBXResourcesBuildPhase section */

/* Begin PBXSourcesBuildPhase section */
		13192E5A1CC8669900D9DCBC /* Sources */ = {
			isa = PBXSourcesBuildPhase;
			buildActionMask = 2147483647;
			files = (
				13192E811CC8822800D9DCBC /* AFHTTPSessionManager.m in Sources */,
				13192E861CC8822800D9DCBC /* AFURLSessionManager.m in Sources */,
				13192E831CC8822800D9DCBC /* AFSecurityPolicy.m in Sources */,
				13192E641CC8669900D9DCBC /* ViewController.swift in Sources */,
				13192E841CC8822800D9DCBC /* AFURLRequestSerialization.m in Sources */,
				13192E821CC8822800D9DCBC /* AFNetworkReachabilityManager.m in Sources */,
				13192E891CC9885B00D9DCBC /* SwiftyJSON.swift in Sources */,
				13192E851CC8822800D9DCBC /* AFURLResponseSerialization.m in Sources */,
				13192E621CC8669900D9DCBC /* AppDelegate.swift in Sources */,
			);
			runOnlyForDeploymentPostprocessing = 0;
		};
/* End PBXSourcesBuildPhase section */

/* Begin PBXVariantGroup section */
		13192E651CC8669900D9DCBC /* Main.storyboard */ = {
			isa = PBXVariantGroup;
			children = (
				13192E661CC8669900D9DCBC /* Base */,
			);
			name = Main.storyboard;
			sourceTree = "<group>";
		};
		13192E6A1CC8669900D9DCBC /* LaunchScreen.storyboard */ = {
			isa = PBXVariantGroup;
			children = (
				13192E6B1CC8669900D9DCBC /* Base */,
			);
			name = LaunchScreen.storyboard;
			sourceTree = "<group>";
		};
/* End PBXVariantGroup section */

/* Begin XCBuildConfiguration section */
		13192E6E1CC8669900D9DCBC /* Debug */ = {
			isa = XCBuildConfiguration;
			buildSettings = {
				ALWAYS_SEARCH_USER_PATHS = NO;
				CLANG_ANALYZER_NONNULL = YES;
				CLANG_CXX_LANGUAGE_STANDARD = "gnu++0x";
				CLANG_CXX_LIBRARY = "libc++";
				CLANG_ENABLE_MODULES = YES;
				CLANG_ENABLE_OBJC_ARC = YES;
				CLANG_WARN_BOOL_CONVERSION = YES;
				CLANG_WARN_CONSTANT_CONVERSION = YES;
				CLANG_WARN_DIRECT_OBJC_ISA_USAGE = YES_ERROR;
				CLANG_WARN_EMPTY_BODY = YES;
				CLANG_WARN_ENUM_CONVERSION = YES;
				CLANG_WARN_INT_CONVERSION = YES;
				CLANG_WARN_OBJC_ROOT_CLASS = YES_ERROR;
				CLANG_WARN_UNREACHABLE_CODE = YES;
				CLANG_WARN__DUPLICATE_METHOD_MATCH = YES;
				"CODE_SIGN_IDENTITY[sdk=iphoneos*]" = "iPhone Developer";
				COPY_PHASE_STRIP = NO;
				DEBUG_INFORMATION_FORMAT = dwarf;
				ENABLE_STRICT_OBJC_MSGSEND = YES;
				ENABLE_TESTABILITY = YES;
				GCC_C_LANGUAGE_STANDARD = gnu99;
				GCC_DYNAMIC_NO_PIC = NO;
				GCC_NO_COMMON_BLOCKS = YES;
				GCC_OPTIMIZATION_LEVEL = 0;
				GCC_PREPROCESSOR_DEFINITIONS = (
					"DEBUG=1",
					"$(inherited)",
				);
				GCC_WARN_64_TO_32_BIT_CONVERSION = YES;
				GCC_WARN_ABOUT_RETURN_TYPE = YES_ERROR;
				GCC_WARN_UNDECLARED_SELECTOR = YES;
				GCC_WARN_UNINITIALIZED_AUTOS = YES_AGGRESSIVE;
				GCC_WARN_UNUSED_FUNCTION = YES;
				GCC_WARN_UNUSED_VARIABLE = YES;
				IPHONEOS_DEPLOYMENT_TARGET = 9.3;
				MTL_ENABLE_DEBUG_INFO = YES;
				ONLY_ACTIVE_ARCH = YES;
				SDKROOT = iphoneos;
				SWIFT_OPTIMIZATION_LEVEL = "-Onone";
				TARGETED_DEVICE_FAMILY = "1,2";
			};
			name = Debug;
		};
		13192E6F1CC8669900D9DCBC /* Release */ = {
			isa = XCBuildConfiguration;
			buildSettings = {
				ALWAYS_SEARCH_USER_PATHS = NO;
				CLANG_ANALYZER_NONNULL = YES;
				CLANG_CXX_LANGUAGE_STANDARD = "gnu++0x";
				CLANG_CXX_LIBRARY = "libc++";
				CLANG_ENABLE_MODULES = YES;
				CLANG_ENABLE_OBJC_ARC = YES;
				CLANG_WARN_BOOL_CONVERSION = YES;
				CLANG_WARN_CONSTANT_CONVERSION = YES;
				CLANG_WARN_DIRECT_OBJC_ISA_USAGE = YES_ERROR;
				CLANG_WARN_EMPTY_BODY = YES;
				CLANG_WARN_ENUM_CONVERSION = YES;
				CLANG_WARN_INT_CONVERSION = YES;
				CLANG_WARN_OBJC_ROOT_CLASS = YES_ERROR;
				CLANG_WARN_UNREACHABLE_CODE = YES;
				CLANG_WARN__DUPLICATE_METHOD_MATCH = YES;
				"CODE_SIGN_IDENTITY[sdk=iphoneos*]" = "iPhone Developer";
				COPY_PHASE_STRIP = NO;
				DEBUG_INFORMATION_FORMAT = "dwarf-with-dsym";
				ENABLE_NS_ASSERTIONS = NO;
				ENABLE_STRICT_OBJC_MSGSEND = YES;
				GCC_C_LANGUAGE_STANDARD = gnu99;
				GCC_NO_COMMON_BLOCKS = YES;
				GCC_WARN_64_TO_32_BIT_CONVERSION = YES;
				GCC_WARN_ABOUT_RETURN_TYPE = YES_ERROR;
				GCC_WARN_UNDECLARED_SELECTOR = YES;
				GCC_WARN_UNINITIALIZED_AUTOS = YES_AGGRESSIVE;
				GCC_WARN_UNUSED_FUNCTION = YES;
				GCC_WARN_UNUSED_VARIABLE = YES;
				IPHONEOS_DEPLOYMENT_TARGET = 9.3;
				MTL_ENABLE_DEBUG_INFO = NO;
				SDKROOT = iphoneos;
				TARGETED_DEVICE_FAMILY = "1,2";
				VALIDATE_PRODUCT = YES;
			};
			name = Release;
		};
		13192E711CC8669900D9DCBC /* Debug */ = {
			isa = XCBuildConfiguration;
			buildSettings = {
				ASSETCATALOG_COMPILER_APPICON_NAME = AppIcon;
				DEFINES_MODULE = YES;
				INFOPLIST_FILE = "Web Service Example/Info.plist";
				LD_RUNPATH_SEARCH_PATHS = "$(inherited) @executable_path/Frameworks";
				PRODUCT_BUNDLE_IDENTIFIER = "com.jep.Web-Service-Example";
				PRODUCT_NAME = "$(TARGET_NAME)";
				SWIFT_OBJC_BRIDGING_HEADER = bridge.h;
			};
			name = Debug;
		};
		13192E721CC8669900D9DCBC /* Release */ = {
			isa = XCBuildConfiguration;
			buildSettings = {
				ASSETCATALOG_COMPILER_APPICON_NAME = AppIcon;
				DEFINES_MODULE = YES;
				INFOPLIST_FILE = "Web Service Example/Info.plist";
				LD_RUNPATH_SEARCH_PATHS = "$(inherited) @executable_path/Frameworks";
				PRODUCT_BUNDLE_IDENTIFIER = "com.jep.Web-Service-Example";
				PRODUCT_NAME = "$(TARGET_NAME)";
				SWIFT_OBJC_BRIDGING_HEADER = bridge.h;
			};
			name = Release;
		};
/* End XCBuildConfiguration section */

/* Begin XCConfigurationList section */
		13192E591CC8669800D9DCBC /* Build configuration list for PBXProject "Web Service Example" */ = {
			isa = XCConfigurationList;
			buildConfigurations = (
				13192E6E1CC8669900D9DCBC /* Debug */,
				13192E6F1CC8669900D9DCBC /* Release */,
			);
			defaultConfigurationIsVisible = 0;
			defaultConfigurationName = Release;
		};
		13192E701CC8669900D9DCBC /* Build configuration list for PBXNativeTarget "Web Service Example" */ = {
			isa = XCConfigurationList;
			buildConfigurations = (
				13192E711CC8669900D9DCBC /* Debug */,
				13192E721CC8669900D9DCBC /* Release */,
			);
			defaultConfigurationIsVisible = 0;
		};
/* End XCConfigurationList section */
	};
	rootObject = 13192E561CC8669800D9DCBC /* Project object */;
}
